
Microsoft Visual Studio Solution File, Format Version 12.00
# Visual Studio Version 16
VisualStudioVersion = 16.0.28922.388
MinimumVisualStudioVersion = 10.0.40219.1
Project("{FAE04EC0-301F-11D3-BF4B-00C04F79EFBC}") = "Shop", "Shop\Shop.csproj", "{B2033B55-1112-4EE3-8FAC-E3C8F116A33E}"
EndProject
Project("{2150E333-8FDC-42A3-9474-1A3956D46DE8}") = "Solution Items", "Solution Items", "{7D6E98FE-6DC1-4F47-87D7-0CB7F37B4C88}"
EndProject
Project("{FAE04EC0-301F-11D3-BF4B-00C04F79EFBC}") = "ShopTests", "ShopTests\ShopTests.csproj", "{50B2C50A-C1EA-4CE1-B177-DE2D21246265}"
EndProject
Project("{FAE04EC0-301F-11D3-BF4B-00C04F79EFBC}") = "Products1", "Products\Products1.csproj", "{CE023F14-41F1-45F8-9D84-A09C927A9D87}"
EndProject
Project("{FAE04EC0-301F-11D3-BF4B-00C04F79EFBC}") = "Products1Tests", "Products1Tests\Products1Tests.csproj", "{904B5137-2759-4CD5-898B-A7B019240BA2}"
EndProject
Global
	GlobalSection(SolutionConfigurationPlatforms) = preSolution
		Debug|Any CPU = Debug|Any CPU
		Release|Any CPU = Release|Any CPU
	EndGlobalSection
	GlobalSection(ProjectConfigurationPlatforms) = postSolution
		{B2033B55-1112-4EE3-8FAC-E3C8F116A33E}.Debug|Any CPU.ActiveCfg = Debug|Any CPU
		{B2033B55-1112-4EE3-8FAC-E3C8F116A33E}.Debug|Any CPU.Build.0 = Debug|Any CPU
		{B2033B55-1112-4EE3-8FAC-E3C8F116A33E}.Release|Any CPU.ActiveCfg = Release|Any CPU
		{B2033B55-1112-4EE3-8FAC-E3C8F116A33E}.Release|Any CPU.Build.0 = Release|Any CPU
		{50B2C50A-C1EA-4CE1-B177-DE2D21246265}.Debug|Any CPU.ActiveCfg = Debug|Any CPU
		{50B2C50A-C1EA-4CE1-B177-DE2D21246265}.Debug|Any CPU.Build.0 = Debug|Any CPU
		{50B2C50A-C1EA-4CE1-B177-DE2D21246265}.Release|Any CPU.ActiveCfg = Release|Any CPU
		{50B2C50A-C1EA-4CE1-B177-DE2D21246265}.Release|Any CPU.Build.0 = Release|Any CPU
		{CE023F14-41F1-45F8-9D84-A09C927A9D87}.Debug|Any CPU.ActiveCfg = Debug|Any CPU
		{CE023F14-41F1-45F8-9D84-A09C927A9D87}.Debug|Any CPU.Build.0 = Debug|Any CPU
		{CE023F14-41F1-45F8-9D84-A09C927A9D87}.Release|Any CPU.ActiveCfg = Release|Any CPU
		{CE023F14-41F1-45F8-9D84-A09C927A9D87}.Release|Any CPU.Build.0 = Release|Any CPU
		{904B5137-2759-4CD5-898B-A7B019240BA2}.Debug|Any CPU.ActiveCfg = Debug|Any CPU
		{904B5137-2759-4CD5-898B-A7B019240BA2}.Debug|Any CPU.Build.0 = Debug|Any CPU
		{904B5137-2759-4CD5-898B-A7B019240BA2}.Release|Any CPU.ActiveCfg = Release|Any CPU
		{904B5137-2759-4CD5-898B-A7B019240BA2}.Release|Any CPU.Build.0 = Release|Any CPU
	EndGlobalSection
	GlobalSection(SolutionProperties) = preSolution
		HideSolutionNode = FALSE
	EndGlobalSection
	GlobalSection(ExtensibilityGlobals) = postSolution
		SolutionGuid = {1B8DFB26-0C92-4D30-879C-F6439DA7986A}
	EndGlobalSection
EndGlobal
